<?xml version="1.0" encoding="utf-8"?>
<Project ToolsVersion="4.0" xmlns="http://schemas.microsoft.com/developer/msbuild/2003">
  <ItemGroup>
    <FxCompile Include="Shaders\ShaderW0.hlsl" />
  </ItemGroup>
  <ItemGroup>
    <ClCompile Include="BufferCache.cpp" />
    <ClCompile Include="GameObject\CircleObject.cpp" />
    <ClCompile Include="GameObject\Monster.cpp" />
    <ClCompile Include="GameObject\Player.cpp" />
    <ClCompile Include="ImGui\imgui.cpp" />
    <ClCompile Include="ImGui\imgui_demo.cpp" />
    <ClCompile Include="ImGui\imgui_draw.cpp" />
    <ClCompile Include="ImGui\imgui_impl_dx11.cpp" />
    <ClCompile Include="ImGui\imgui_impl_win32.cpp" />
    <ClCompile Include="ImGui\imgui_tables.cpp" />
    <ClCompile Include="ImGui\imgui_widgets.cpp" />
    <ClCompile Include="main.cpp" />
    <ClCompile Include="Manager\GameManager.cpp" />
    <ClCompile Include="Manager\ObjectManager.cpp" />
    <ClCompile Include="Math\FVector3.cpp" />
    <ClCompile Include="MonsterSpawner.cpp" />
    <ClCompile Include="PrimitiveVertices.cpp" />
    <ClCompile Include="Scene\BaseScene.cpp" />
    <ClCompile Include="Scene\MainGameScene.cpp" />
    <ClCompile Include="Scene\PresetScene.cpp" />
    <ClCompile Include="Scene\TitleScene.cpp" />
    <ClCompile Include="URenderer.cpp" />
    <ClCompile Include="Weapon\BaseWeapon.cpp" />
    <ClCompile Include="Weapon\WeaponA.cpp" />
    <ClCompile Include="Weapon\WeaponB.cpp" />
    <ClCompile Include="Weapon\WeaponC.cpp" />
    <ClCompile Include="GameObject\Bullet\BulletA.cpp" />
    <ClCompile Include="GameObject\Bullet\Bullet.cpp" />
    <ClCompile Include="InputSystem.cpp" />
    <ClCompile Include="Shaders\TextureShader.hlsl" />
    <ClCompile Include="Texture\UTexture2D.cpp" />
    <ClCompile Include="InputSystem.cpp" />
    <ClCompile Include="Constant.h" />
    <ClCompile Include="GameObject\Bullet\BulletB.cpp" />
    <ClCompile Include="GameLogic.cpp" />
    <ClCompile Include="Weapon\WeaponBData.cpp" />
    <ClCompile Include="Weapon\WeaponAData.cpp" />
  </ItemGroup>
  <ItemGroup>
    <ClInclude Include="AbstractClass\Singleton.h" />
    <ClInclude Include="BufferCache.h" />
    <ClInclude Include="GameObject\Bullet\Bullet.h" />
    <ClInclude Include="GameObject\CircleObject.h" />
    <ClInclude Include="GameObject\Monster.h" />
    <ClInclude Include="GameObject\Player.h" />
    <ClInclude Include="ImGui\imconfig.h" />
    <ClInclude Include="ImGui\imgui.h" />
    <ClInclude Include="ImGui\imgui_impl_dx11.h" />
    <ClInclude Include="ImGui\imgui_impl_win32.h" />
    <ClInclude Include="ImGui\imgui_internal.h" />
    <ClInclude Include="ImGui\imstb_rectpack.h" />
    <ClInclude Include="ImGui\imstb_textedit.h" />
    <ClInclude Include="ImGui\imstb_truetype.h" />
    <ClInclude Include="Manager\GameManager.h" />
    <ClInclude Include="Manager\ObjectManager.h" />
    <ClInclude Include="Math\FVector3.h" />
    <ClInclude Include="MonsterSpawner.h" />
    <ClInclude Include="PrimitiveVertices.h" />
    <ClInclude Include="Scene\BaseScene.h" />
    <ClInclude Include="Scene\MainGameScene.h" />
    <ClInclude Include="Scene\PresetScene.h" />
    <ClInclude Include="Enum.h" />
    <ClInclude Include="Scene\TitleScene.h" />
    <ClInclude Include="URenderer.h" />
    <ClInclude Include="Weapon\BaseWeapon.h" />
    <ClInclude Include="Weapon\WeaponA.h" />
    <ClInclude Include="Weapon\WeaponB.h" />
    <ClInclude Include="Weapon\WeaponC.h" />
    <ClInclude Include="GameObject\Bullet\BulletA.h" />
    <ClInclude Include="GameObject\Bullet\BulletC.h" />
    <ClInclude Include="InputSystem.h" />
    <ClInclude Include="Texture\UTexture2D.h" />
    <ClInclude Include="InputSystem.h" />
    <ClInclude Include="GameObject\Bullet\BulletB.h" />
    <ClInclude Include="GameLogic.h" />
    <ClInclude Include="Weapon\WeaponAData.h" />
    <ClInclude Include="Weapon\WeaponBData.h" />
  </ItemGroup>
</Project>